# THIS IS AN AUTOGENERATED FILE. DO NOT EDIT THIS FILE DIRECTLY.
# yarn lockfile v1


"@types/node@^12.0.7":
  version "12.0.7"
  resolved "https://registry.yarnpkg.com/@types/node/-/node-12.0.7.tgz#4f2563bad652b2acb1722d7e7aae2b0ff62d192c"
  integrity sha512-1YKeT4JitGgE4SOzyB9eMwO0nGVNkNEsm9qlIt1Lqm/tG2QEiSMTD4kS3aO6L+w5SClLVxALmIBESK6Mk5wX0A==

abstract-logging@^1.0.0:
  version "1.0.0"
  resolved "https://registry.yarnpkg.com/abstract-logging/-/abstract-logging-1.0.0.tgz#8b7deafd310559bc28f77724dd1bb30177278c1b"
  integrity sha1-i33q/TEFWbwo93ck3RuzAXcnjBs=

ajv@^6.8.1, ajv@^6.9.2:
  version "6.10.0"
  resolved "https://registry.yarnpkg.com/ajv/-/ajv-6.10.0.tgz#90d0d54439da587cd7e843bfb7045f50bd22bdf1"
  integrity sha512-nffhOpkymDECQyR0mnsUtoCE8RlX38G0rYP+wgLWFyZuUyuuojSSvi/+euOiQBIn63whYwYVIIH1TvE3tu4OEg==
  dependencies:
    fast-deep-equal "^2.0.1"
    fast-json-stable-stringify "^2.0.0"
    json-schema-traverse "^0.4.1"
    uri-js "^4.2.2"

archy@^1.0.0:
  version "1.0.0"
  resolved "https://registry.yarnpkg.com/archy/-/archy-1.0.0.tgz#f9c8c13757cc1dd7bc379ac77b2c62a5c2868c40"
  integrity sha1-+cjBN1fMHde8N5rHeyxipcKGjEA=

arg@^4.1.0:
  version "4.1.0"
  resolved "https://registry.yarnpkg.com/arg/-/arg-4.1.0.tgz#583c518199419e0037abb74062c37f8519e575f0"
  integrity sha512-ZWc51jO3qegGkVh8Hwpv636EkbesNV5ZNQPCtRa+0qytRYPEs9IYT9qITY9buezqUH5uqyzlWLcufrzU2rffdg==

avvio@^6.1.1:
  version "6.2.1"
  resolved "https://registry.yarnpkg.com/avvio/-/avvio-6.2.1.tgz#d9a4e5ccb8411ff77dca42f24ad1137435893773"
  integrity sha512-k+gTocL3yShwN1PtKEsSj7eFiApcZ4JZLAu/ecyzEb8jyx+Kmxb+7SXUsodB47g7fqhs/zkfsCdqq72a1ok5Ew==
  dependencies:
    archy "^1.0.0"
    debug "^4.0.0"
    fastq "^1.6.0"

bson@^1.1.1:
  version "1.1.1"
  resolved "https://registry.yarnpkg.com/bson/-/bson-1.1.1.tgz#4330f5e99104c4e751e7351859e2d408279f2f13"
  integrity sha512-jCGVYLoYMHDkOsbwJZBCqwMHyH4c+wzgI9hG7Z6SZJRXWr+x58pdIbm2i9a/jFGCkRJqRUr8eoI7lDWa0hTkxg==

buffer-from@^1.0.0:
  version "1.1.1"
  resolved "https://registry.yarnpkg.com/buffer-from/-/buffer-from-1.1.1.tgz#32713bc028f75c02fdb710d7c7bcec1f2c6070ef"
  integrity sha512-MQcXEUbCKtEo7bhqEs6560Hyd4XaovZlO/k9V3hjVUF/zwW7KBVdSK4gIt/bzwS9MbR5qob+F5jusZsb0YQK2A==

debug@^4.0.0:
  version "4.1.1"
  resolved "https://registry.yarnpkg.com/debug/-/debug-4.1.1.tgz#3b72260255109c6b589cee050f1d516139664791"
  integrity sha512-pYAIzeRo8J6KPEaJ0VWOh5Pzkbw/RetuzehGM7QRRX5he4fPHx2rdKMB256ehJCkX+XRQm16eZLqLNS8RSZXZw==
  dependencies:
    ms "^2.1.1"

deepmerge@^3.0.0:
  version "3.2.0"
  resolved "https://registry.yarnpkg.com/deepmerge/-/deepmerge-3.2.0.tgz#58ef463a57c08d376547f8869fdc5bcee957f44e"
  integrity sha512-6+LuZGU7QCNUnAJyX8cIrlzoEgggTM6B7mm+znKOX4t5ltluT9KLjN6g61ECMS0LTsLW7yDpNoxhix5FZcrIow==

diff@^4.0.1:
  version "4.0.1"
  resolved "https://registry.yarnpkg.com/diff/-/diff-4.0.1.tgz#0c667cb467ebbb5cea7f14f135cc2dba7780a8ff"
  integrity sha512-s2+XdvhPCOF01LRQBC8hf4vhbVmI2CGS5aZnxLJlT5FtdhPCDFq80q++zK2KlrVorVDdL5BOGZ/VfLrVtYNF+Q==

fast-decode-uri-component@^1.0.0:
  version "1.0.1"
  resolved "https://registry.yarnpkg.com/fast-decode-uri-component/-/fast-decode-uri-component-1.0.1.tgz#46f8b6c22b30ff7a81357d4f59abfae938202543"
  integrity sha512-WKgKWg5eUxvRZGwW8FvfbaH7AXSh2cL+3j5fMGzUMCxWBJ3dV3a7Wz8y2f/uQ0e3B6WmodD3oS54jTQ9HVTIIg==

fast-deep-equal@^2.0.1:
  version "2.0.1"
  resolved "https://registry.yarnpkg.com/fast-deep-equal/-/fast-deep-equal-2.0.1.tgz#7b05218ddf9667bf7f370bf7fdb2cb15fdd0aa49"
  integrity sha1-ewUhjd+WZ79/Nwv3/bLLFf3Qqkk=

fast-json-stable-stringify@^2.0.0:
  version "2.0.0"
  resolved "https://registry.yarnpkg.com/fast-json-stable-stringify/-/fast-json-stable-stringify-2.0.0.tgz#d5142c0caee6b1189f87d3a76111064f86c8bbf2"
  integrity sha1-1RQsDK7msRifh9OnYREGT4bIu/I=

fast-json-stringify@^1.15.0:
  version "1.15.3"
  resolved "https://registry.yarnpkg.com/fast-json-stringify/-/fast-json-stringify-1.15.3.tgz#09258f2e5cb67cadd2e1cfd0baecf5b808294643"
  integrity sha512-p+ucnySTbrUQ9M7u8ygFIxrmpG8B+8O4/PvLDdh+RqMMgj/h6OoDb7U2lP+kqg3PDclQBFbSIArRhkorFwZLLg==
  dependencies:
    ajv "^6.8.1"
    deepmerge "^3.0.0"

fast-redact@^1.4.4:
  version "1.5.0"
  resolved "https://registry.yarnpkg.com/fast-redact/-/fast-redact-1.5.0.tgz#302892f566750c4f5eec7b830bfc9bc473484034"
  integrity sha512-Afo61CgUjkzdvOKDHn08qnZ0kwck38AOGcMlvSGzvJbIab6soAP5rdoQayecGCDsD69AiF9vJBXyq31eoEO2tQ==

fast-safe-stringify@^2.0.6:
  version "2.0.6"
  resolved "https://registry.yarnpkg.com/fast-safe-stringify/-/fast-safe-stringify-2.0.6.tgz#04b26106cc56681f51a044cfc0d76cf0008ac2c2"
  integrity sha512-q8BZ89jjc+mz08rSxROs8VsrBBcn1SIw1kq9NjolL509tkABRk9io01RAjSaEv1Xb2uFLt8VtRiZbGp5H8iDtg==

fastify-mongodb@^1.0.1:
  version "1.0.1"
  resolved "https://registry.yarnpkg.com/fastify-mongodb/-/fastify-mongodb-1.0.1.tgz#a847608949a5138e16e5b406129780fab48c5afd"
  integrity sha512-zBjSgj7tTR0MAuigjyzdpiAswW1Q7+UmyeF+1nznwHLqsqlee+67aRpZbnJ4TWP2X21BzePWNVdvDyEhdKomjA==
  dependencies:
    fastify-plugin "^1.0.1"
    mongodb "^3.1.8"

fastify-plugin@^1.0.1:
  version "1.6.0"
  resolved "https://registry.yarnpkg.com/fastify-plugin/-/fastify-plugin-1.6.0.tgz#c8198b08608f20c502b5dad26b36e9ae27206d7c"
  integrity sha512-lFa9txg8LZx4tljj33oG53nUXhVg0baZxtP9Pxi0dJmI0NQxzkDk5DS9kr3D7iMalUAp3mvIq16OQumc7eIvLA==
  dependencies:
    semver "^6.0.0"

fastify@^2.4.1:
  version "2.4.1"
  resolved "https://registry.yarnpkg.com/fastify/-/fastify-2.4.1.tgz#745b9c0793ce10ebd2c265898cbf3583ab572885"
  integrity sha512-AVzNO8/gg6og8T/s7M3UUQjvI4AIJNm8CSHm+kf3S0mGoJfWpfRuTD1pRTQ5tM+0pJpybyT5nDVTy97/oTD1+w==
  dependencies:
    abstract-logging "^1.0.0"
    ajv "^6.9.2"
    avvio "^6.1.1"
    fast-json-stringify "^1.15.0"
    find-my-way "^2.0.0"
    flatstr "^1.0.12"
    light-my-request "^3.2.0"
    middie "^4.0.1"
    pino "^5.11.1"
    proxy-addr "^2.0.4"
    readable-stream "^3.1.1"
    rfdc "^1.1.2"
    secure-json-parse "^1.0.0"
    tiny-lru "^6.0.1"

fastq@^1.6.0:
  version "1.6.0"
  resolved "https://registry.yarnpkg.com/fastq/-/fastq-1.6.0.tgz#4ec8a38f4ac25f21492673adb7eae9cfef47d1c2"
  integrity sha512-jmxqQ3Z/nXoeyDmWAzF9kH1aGZSis6e/SbfPmJpUnyZ0ogr6iscHQaml4wsEepEWSdtmpy+eVXmCRIMpxaXqOA==
  dependencies:
    reusify "^1.0.0"

find-my-way@^2.0.0:
  version "2.0.1"
  resolved "https://registry.yarnpkg.com/find-my-way/-/find-my-way-2.0.1.tgz#965aa7cacac2362d47d5d7ce219f51bf76216af7"
  integrity sha512-c+YnWk4LKcWSNu743wfoqNOZTYQ6kZ/kzZCjALGblLpzbEAv3INakGMZ1K/by+Wmf/NP3+3LpOQMOFw6/q52wQ==
  dependencies:
    fast-decode-uri-component "^1.0.0"
    safe-regex2 "^2.0.0"
    semver-store "^0.3.0"

flatstr@^1.0.12, flatstr@^1.0.9:
  version "1.0.12"
  resolved "https://registry.yarnpkg.com/flatstr/-/flatstr-1.0.12.tgz#c2ba6a08173edbb6c9640e3055b95e287ceb5931"
  integrity sha512-4zPxDyhCyiN2wIAtSLI6gc82/EjqZc1onI4Mz/l0pWrAlsSfYH/2ZIcU+e3oA2wDwbzIWNKwa23F8rh6+DRWkw==

forwarded@~0.1.2:
  version "0.1.2"
  resolved "https://registry.yarnpkg.com/forwarded/-/forwarded-0.1.2.tgz#98c23dab1175657b8c0573e8ceccd91b0ff18c84"
  integrity sha1-mMI9qxF1ZXuMBXPozszZGw/xjIQ=

inherits@^2.0.3:
  version "2.0.3"
  resolved "https://registry.yarnpkg.com/inherits/-/inherits-2.0.3.tgz#633c2c83e3da42a502f52466022480f4208261de"
  integrity sha1-Yzwsg+PaQqUC9SRmAiSA9CCCYd4=

ipaddr.js@1.9.0:
  version "1.9.0"
  resolved "https://registry.yarnpkg.com/ipaddr.js/-/ipaddr.js-1.9.0.tgz#37df74e430a0e47550fe54a2defe30d8acd95f65"
  integrity sha512-M4Sjn6N/+O6/IXSJseKqHoFc+5FdGJ22sXqnjTpdZweHK64MzEPAyQZyEU3R/KRv2GLoa7nNtg/C2Ev6m7z+eA==

json-schema-traverse@^0.4.1:
  version "0.4.1"
  resolved "https://registry.yarnpkg.com/json-schema-traverse/-/json-schema-traverse-0.4.1.tgz#69f6a87d9513ab8bb8fe63bdb0979c448e684660"
  integrity sha512-xbbCH5dCYU5T8LcEhhuh7HJ88HXuW3qsI3Y0zOZFKfZEHcpWiHU/Jxzk629Brsab/mMiHQti9wMP+845RPe3Vg==

light-my-request@^3.2.0:
  version "3.3.0"
  resolved "https://registry.yarnpkg.com/light-my-request/-/light-my-request-3.3.0.tgz#5cdb3c75c50bc57429f20b08e3be805662e23232"
  integrity sha512-dLtwhjzbuHJ+KMMUBSlVid6Iqxx+KKvULWLnBD06WMgPHxiPkEh1cVyj+Xc8HGU64hULlSw/sZVCdFsvjNQeNA==
  dependencies:
    ajv "^6.8.1"
    readable-stream "^3.1.1"

make-error@^1.1.1:
  version "1.3.5"
  resolved "https://registry.yarnpkg.com/make-error/-/make-error-1.3.5.tgz#efe4e81f6db28cadd605c70f29c831b58ef776c8"
  integrity sha512-c3sIjNUow0+8swNwVpqoH4YCShKNFkMaw6oH1mNS2haDZQqkeZFlHS3dhoeEbKKmJB4vXpJucU6oH75aDYeE9g==

memory-pager@^1.0.2:
  version "1.5.0"
  resolved "https://registry.yarnpkg.com/memory-pager/-/memory-pager-1.5.0.tgz#d8751655d22d384682741c972f2c3d6dfa3e66b5"
  integrity sha512-ZS4Bp4r/Zoeq6+NLJpP+0Zzm0pR8whtGPf1XExKLJBAczGMnSi3It14OiNCStjQjM6NU1okjQGSxgEZN8eBYKg==

middie@^4.0.1:
  version "4.0.1"
  resolved "https://registry.yarnpkg.com/middie/-/middie-4.0.1.tgz#24b4333034926ebd7831ed58766d050c1ce6300a"
  integrity sha512-eYK6EEHZiYpQMYPmeCb/vC9ZzJg1HCqi1ot/fQs1sPZKt/XREgXouQ7g6c9J5XvDV5203JjbpovCYNkHcHgTpQ==
  dependencies:
    path-to-regexp "^3.0.0"
    reusify "^1.0.2"

mongodb-core@3.2.7:
  version "3.2.7"
  resolved "https://registry.yarnpkg.com/mongodb-core/-/mongodb-core-3.2.7.tgz#a8ef1fe764a192c979252dacbc600dc88d77e28f"
  integrity sha512-WypKdLxFNPOH/Jy6i9z47IjG2wIldA54iDZBmHMINcgKOUcWJh8og+Wix76oGd7EyYkHJKssQ2FAOw5Su/n4XQ==
  dependencies:
    bson "^1.1.1"
    require_optional "^1.0.1"
    safe-buffer "^5.1.2"
  optionalDependencies:
    saslprep "^1.0.0"

mongodb@^3.1.8:
  version "3.2.7"
  resolved "https://registry.yarnpkg.com/mongodb/-/mongodb-3.2.7.tgz#8ba149e4be708257cad0dea72aebb2bbb311a7ac"
  integrity sha512-2YdWrdf1PJgxcCrT1tWoL6nHuk6hCxhddAAaEh8QJL231ci4+P9FLyqopbTm2Z2sAU6mhCri+wd9r1hOcHdoMw==
  dependencies:
    mongodb-core "3.2.7"
    safe-buffer "^5.1.2"

ms@^2.1.1:
  version "2.1.2"
  resolved "https://registry.yarnpkg.com/ms/-/ms-2.1.2.tgz#d09d1f357b443f493382a8eb3ccd183872ae6009"
  integrity sha512-sGkPx+VjMtmA6MX27oA4FBFELFCZZ4S4XqeGOXCv68tT+jb3vk/RyaKWP0PTKyWtmLSM0b+adUTEvbs1PEaH2w==

path-to-regexp@^3.0.0:
  version "3.0.0"
  resolved "https://registry.yarnpkg.com/path-to-regexp/-/path-to-regexp-3.0.0.tgz#c981a218f3df543fa28696be2f88e0c58d2e012a"
  integrity sha512-ZOtfhPttCrqp2M1PBBH4X13XlvnfhIwD7yCLx+GoGoXRPQyxGOTdQMpIzPSPKXAJT/JQrdfFrgdJOyAzvgpQ9A==

pino-std-serializers@^2.3.0:
  version "2.4.2"
  resolved "https://registry.yarnpkg.com/pino-std-serializers/-/pino-std-serializers-2.4.2.tgz#cb5e3e58c358b26f88969d7e619ae54bdfcc1ae1"
  integrity sha512-WaL504dO8eGs+vrK+j4BuQQq6GLKeCCcHaMB2ItygzVURcL1CycwNEUHTD/lHFHs/NL5qAz2UKrjYWXKSf4aMQ==

pino@^5.11.1:
  version "5.12.6"
  resolved "https://registry.yarnpkg.com/pino/-/pino-5.12.6.tgz#04a668278d7616db71871f1bd3e26f6918e05feb"
  integrity sha512-LM5ug2b27uymIIkaBw54ncF+9DSf8S4z1uzw+Y5I94dRu3Z+lFuB13j0kg1InAeyxy+CsLGnWHKy9+zgTreFOg==
  dependencies:
    fast-redact "^1.4.4"
    fast-safe-stringify "^2.0.6"
    flatstr "^1.0.9"
    pino-std-serializers "^2.3.0"
    quick-format-unescaped "^3.0.2"
    sonic-boom "^0.7.3"

proxy-addr@^2.0.4:
  version "2.0.5"
  resolved "https://registry.yarnpkg.com/proxy-addr/-/proxy-addr-2.0.5.tgz#34cbd64a2d81f4b1fd21e76f9f06c8a45299ee34"
  integrity sha512-t/7RxHXPH6cJtP0pRG6smSr9QJidhB+3kXu0KgXnbGYMgzEnUxRQ4/LDdfOwZEMyIh3/xHb8PX3t+lfL9z+YVQ==
  dependencies:
    forwarded "~0.1.2"
    ipaddr.js "1.9.0"

punycode@^2.1.0:
  version "2.1.1"
  resolved "https://registry.yarnpkg.com/punycode/-/punycode-2.1.1.tgz#b58b010ac40c22c5657616c8d2c2c02c7bf479ec"
  integrity sha512-XRsRjdf+j5ml+y/6GKHPZbrF/8p2Yga0JPtdqTIY2Xe5ohJPD9saDJJLPvp9+NSBprVvevdXZybnj2cv8OEd0A==

quick-format-unescaped@^3.0.2:
  version "3.0.2"
  resolved "https://registry.yarnpkg.com/quick-format-unescaped/-/quick-format-unescaped-3.0.2.tgz#0137e94d8fb37ffeb70040535111c378e75396fb"
  integrity sha512-FXTaCkwvpIlkdKeGDNgcq07SXWS383noQUuZjvdE1QcTt+eLuqof6/BDiEPqB59FWLie/l91+HtlJSw7iCViSA==

readable-stream@^3.1.1:
  version "3.4.0"
  resolved "https://registry.yarnpkg.com/readable-stream/-/readable-stream-3.4.0.tgz#a51c26754658e0a3c21dbf59163bd45ba6f447fc"
  integrity sha512-jItXPLmrSR8jmTRmRWJXCnGJsfy85mB3Wd/uINMXA65yrnFo0cPClFIUWzo2najVNSl+mx7/4W8ttlLWJe99pQ==
  dependencies:
    inherits "^2.0.3"
    string_decoder "^1.1.1"
    util-deprecate "^1.0.1"

require_optional@^1.0.1:
  version "1.0.1"
  resolved "https://registry.yarnpkg.com/require_optional/-/require_optional-1.0.1.tgz#4cf35a4247f64ca3df8c2ef208cc494b1ca8fc2e"
  integrity sha512-qhM/y57enGWHAe3v/NcwML6a3/vfESLe/sGM2dII+gEO0BpKRUkWZow/tyloNqJyN6kXSl3RyyM8Ll5D/sJP8g==
  dependencies:
    resolve-from "^2.0.0"
    semver "^5.1.0"

resolve-from@^2.0.0:
  version "2.0.0"
  resolved "https://registry.yarnpkg.com/resolve-from/-/resolve-from-2.0.0.tgz#9480ab20e94ffa1d9e80a804c7ea147611966b57"
  integrity sha1-lICrIOlP+h2egKgEx+oUdhGWa1c=

ret@~0.2.0:
  version "0.2.2"
  resolved "https://registry.yarnpkg.com/ret/-/ret-0.2.2.tgz#b6861782a1f4762dce43402a71eb7a283f44573c"
  integrity sha512-M0b3YWQs7R3Z917WRQy1HHA7Ba7D8hvZg6UE5mLykJxQVE2ju0IXbGlaHPPlkY+WN7wFP+wUMXmBFA0aV6vYGQ==

reusify@^1.0.0, reusify@^1.0.2:
  version "1.0.4"
  resolved "https://registry.yarnpkg.com/reusify/-/reusify-1.0.4.tgz#90da382b1e126efc02146e90845a88db12925d76"
  integrity sha512-U9nH88a3fc/ekCF1l0/UP1IosiuIjyTh7hBvXVMHYgVcfGvt897Xguj2UOLDeI5BG2m7/uwyaLVT6fbtCwTyzw==

rfdc@^1.1.2:
  version "1.1.4"
  resolved "https://registry.yarnpkg.com/rfdc/-/rfdc-1.1.4.tgz#ba72cc1367a0ccd9cf81a870b3b58bd3ad07f8c2"
  integrity sha512-5C9HXdzK8EAqN7JDif30jqsBzavB7wLpaubisuQIGHWf2gUXSpzy6ArX/+Da8RjFpagWsCn+pIgxTMAmKw9Zug==

safe-buffer@^5.1.2, safe-buffer@~5.1.0:
  version "5.1.2"
  resolved "https://registry.yarnpkg.com/safe-buffer/-/safe-buffer-5.1.2.tgz#991ec69d296e0313747d59bdfd2b745c35f8828d"
  integrity sha512-Gd2UZBJDkXlY7GbJxfsE8/nvKkUEU1G38c1siN6QP6a9PT9MmHB8GnpscSmMJSoF8LOIrt8ud/wPtojys4G6+g==

safe-regex2@^2.0.0:
  version "2.0.0"
  resolved "https://registry.yarnpkg.com/safe-regex2/-/safe-regex2-2.0.0.tgz#b287524c397c7a2994470367e0185e1916b1f5b9"
  integrity sha512-PaUSFsUaNNuKwkBijoAPHAK6/eM6VirvyPWlZ7BAQy4D+hCvh4B6lIG+nPdhbFfIbP+gTGBcrdsOaUs0F+ZBOQ==
  dependencies:
    ret "~0.2.0"

saslprep@^1.0.0:
  version "1.0.3"
  resolved "https://registry.yarnpkg.com/saslprep/-/saslprep-1.0.3.tgz#4c02f946b56cf54297e347ba1093e7acac4cf226"
  integrity sha512-/MY/PEMbk2SuY5sScONwhUDsV2p77Znkb/q3nSVstq/yQzYJOH/Azh29p9oJLsl3LnQwSvZDKagDGBsBwSooag==
  dependencies:
    sparse-bitfield "^3.0.3"

secure-json-parse@^1.0.0:
  version "1.0.0"
  resolved "https://registry.yarnpkg.com/secure-json-parse/-/secure-json-parse-1.0.0.tgz#fa32c6778166b783cf6315db967944e63f7747d0"
  integrity sha512-kMg4jXttRQzVyLebIDc+MRxCueJ/zsmHpCn59BRd0mZUCd+V02wNd7/Pds8Nyhv7jfLHo1KkUOzdIF7cRMU4LQ==

semver-store@^0.3.0:
  version "0.3.0"
  resolved "https://registry.yarnpkg.com/semver-store/-/semver-store-0.3.0.tgz#ce602ff07df37080ec9f4fb40b29576547befbe9"
  integrity sha512-TcZvGMMy9vodEFSse30lWinkj+JgOBvPn8wRItpQRSayhc+4ssDs335uklkfvQQJgL/WvmHLVj4Ycv2s7QCQMg==

semver@^5.1.0:
  version "5.7.0"
  resolved "https://registry.yarnpkg.com/semver/-/semver-5.7.0.tgz#790a7cf6fea5459bac96110b29b60412dc8ff96b"
  integrity sha512-Ya52jSX2u7QKghxeoFGpLwCtGlt7j0oY9DYb5apt9nPlJ42ID+ulTXESnt/qAQcoSERyZ5sl3LDIOw0nAn/5DA==

semver@^6.0.0:
  version "6.1.1"
  resolved "https://registry.yarnpkg.com/semver/-/semver-6.1.1.tgz#53f53da9b30b2103cd4f15eab3a18ecbcb210c9b"
  integrity sha512-rWYq2e5iYW+fFe/oPPtYJxYgjBm8sC4rmoGdUOgBB7VnwKt6HrL793l2voH1UlsyYZpJ4g0wfjnTEO1s1NP2eQ==

sonic-boom@^0.7.3:
  version "0.7.4"
  resolved "https://registry.yarnpkg.com/sonic-boom/-/sonic-boom-0.7.4.tgz#dc1740a900cf8646471f6ac1f4933a5c66c0ca60"
  integrity sha512-8JRAJg0RxZtFLQMxolwETvWd2JSlH3ZGo/Z4xPxMbpqF14xCgVYPVeFCFOR3zyr3pcfG82QDVj6537Sx5ZWdNw==
  dependencies:
    flatstr "^1.0.9"

source-map-support@^0.5.6:
  version "0.5.12"
  resolved "https://registry.yarnpkg.com/source-map-support/-/source-map-support-0.5.12.tgz#b4f3b10d51857a5af0138d3ce8003b201613d599"
  integrity sha512-4h2Pbvyy15EE02G+JOZpUCmqWJuqrs+sEkzewTm++BPi7Hvn/HwcqLAcNxYAyI0x13CpPPn+kMjl+hplXMHITQ==
  dependencies:
    buffer-from "^1.0.0"
    source-map "^0.6.0"

source-map@^0.6.0:
  version "0.6.1"
  resolved "https://registry.yarnpkg.com/source-map/-/source-map-0.6.1.tgz#74722af32e9614e9c287a8d0bbde48b5e2f1a263"
  integrity sha512-UjgapumWlbMhkBgzT7Ykc5YXUT46F0iKu8SGXq0bcwP5dz/h0Plj6enJqjz1Zbq2l5WaqYnrVbwWOWMyF3F47g==

sparse-bitfield@^3.0.3:
  version "3.0.3"
  resolved "https://registry.yarnpkg.com/sparse-bitfield/-/sparse-bitfield-3.0.3.tgz#ff4ae6e68656056ba4b3e792ab3334d38273ca11"
  integrity sha1-/0rm5oZWBWuks+eSqzM004JzyhE=
  dependencies:
    memory-pager "^1.0.2"

string_decoder@^1.1.1:
  version "1.2.0"
  resolved "https://registry.yarnpkg.com/string_decoder/-/string_decoder-1.2.0.tgz#fe86e738b19544afe70469243b2a1ee9240eae8d"
  integrity sha512-6YqyX6ZWEYguAxgZzHGL7SsCeGx3V2TtOTqZz1xSTSWnqsbWwbptafNyvf/ACquZUXV3DANr5BDIwNYe1mN42w==
  dependencies:
    safe-buffer "~5.1.0"

tiny-lru@^6.0.1:
  version "6.0.1"
  resolved "https://registry.yarnpkg.com/tiny-lru/-/tiny-lru-6.0.1.tgz#558bd6b7232b8b9dfa482147539676fdd75a3a07"
  integrity sha512-k/vdHz+bFALjmik0URLWBYNuO0hCABTL5dullbZBXvFDdlL8RrKaeLR6YuHfX+6ZXOLkHw+HpNLCUA7DtLMQmg==

ts-node@^8.2.0:
  version "8.2.0"
  resolved "https://registry.yarnpkg.com/ts-node/-/ts-node-8.2.0.tgz#4a89754b00560bb24cd54526e1685fa38c45f240"
  integrity sha512-m8XQwUurkbYqXrKqr3WHCW310utRNvV5OnRVeISeea7LoCWVcdfeB/Ntl8JYWFh+WRoUAdBgESrzKochQt7sMw==
  dependencies:
    arg "^4.1.0"
    diff "^4.0.1"
    make-error "^1.1.1"
    source-map-support "^0.5.6"
    yn "^3.0.0"

typescript@^3.5.1:
  version "3.5.1"
  resolved "https://registry.yarnpkg.com/typescript/-/typescript-3.5.1.tgz#ba72a6a600b2158139c5dd8850f700e231464202"
  integrity sha512-64HkdiRv1yYZsSe4xC1WVgamNigVYjlssIoaH2HcZF0+ijsk5YK2g0G34w9wJkze8+5ow4STd22AynfO6ZYYLw==

uri-js@^4.2.2:
  version "4.2.2"
  resolved "https://registry.yarnpkg.com/uri-js/-/uri-js-4.2.2.tgz#94c540e1ff772956e2299507c010aea6c8838eb0"
  integrity sha512-KY9Frmirql91X2Qgjry0Wd4Y+YTdrdZheS8TFwvkbLWf/G5KNJDCh6pKL5OZctEW4+0Baa5idK2ZQuELRwPznQ==
  dependencies:
    punycode "^2.1.0"

util-deprecate@^1.0.1:
  version "1.0.2"
  resolved "https://registry.yarnpkg.com/util-deprecate/-/util-deprecate-1.0.2.tgz#450d4dc9fa70de732762fbd2d4a28981419a0ccf"
  integrity sha1-RQ1Nyfpw3nMnYvvS1KKJgUGaDM8=

yn@^3.0.0:
  version "3.1.0"
  resolved "https://registry.yarnpkg.com/yn/-/yn-3.1.0.tgz#fcbe2db63610361afcc5eb9e0ac91e976d046114"
  integrity sha512-kKfnnYkbTfrAdd0xICNFw7Atm8nKpLcLv9AZGEt+kczL/WQVai4e2V6ZN8U/O+iI6WrNuJjNNOyu4zfhl9D3Hg==
